// !$*UTF8*$!
{
	archiveVersion = 1;
	classes = {
	};
	objectVersion = 50;
	objects = {

/* Begin PBXBuildFile section */
		777B2F6A25E14FD500D16630 /* AppDelegate.m in Sources */ = {isa = PBXBuildFile; fileRef = 777B2F6925E14FD500D16630 /* AppDelegate.m */; };
		777B2F6D25E14FD500D16630 /* SceneDelegate.m in Sources */ = {isa = PBXBuildFile; fileRef = 777B2F6C25E14FD500D16630 /* SceneDelegate.m */; };
		777B2F7025E14FD500D16630 /* ViewController.m in Sources */ = {isa = PBXBuildFile; fileRef = 777B2F6F25E14FD500D16630 /* ViewController.m */; };
		777B2F7325E14FD500D16630 /* Main.storyboard in Resources */ = {isa = PBXBuildFile; fileRef = 777B2F7125E14FD500D16630 /* Main.storyboard */; };
		777B2F7525E14FD800D16630 /* Assets.xcassets in Resources */ = {isa = PBXBuildFile; fileRef = 777B2F7425E14FD800D16630 /* Assets.xcassets */; };
		777B2F7825E14FD800D16630 /* LaunchScreen.storyboard in Resources */ = {isa = PBXBuildFile; fileRef = 777B2F7625E14FD800D16630 /* LaunchScreen.storyboard */; };
		777B2F7B25E14FD800D16630 /* main.m in Sources */ = {isa = PBXBuildFile; fileRef = 777B2F7A25E14FD800D16630 /* main.m */; };
		777B2F8425E1528300D16630 /* LJView.m in Sources */ = {isa = PBXBuildFile; fileRef = 777B2F8325E1528300D16630 /* LJView.m */; };
/* End PBXBuildFile section */

/* Begin PBXFileReference section */
		777B2F6525E14FD500D16630 /* 27-手势解锁.app */ = {isa = PBXFileReference; explicitFileType = wrapper.application; includeInIndex = 0; path = "27-手势解锁.app"; sourceTree = BUILT_PRODUCTS_DIR; };
		777B2F6825E14FD500D16630 /* AppDelegate.h */ = {isa = PBXFileReference; lastKnownFileType = sourcecode.c.h; path = AppDelegate.h; sourceTree = "<group>"; };
		777B2F6925E14FD500D16630 /* AppDelegate.m */ = {isa = PBXFileReference; lastKnownFileType = sourcecode.c.objc; path = AppDelegate.m; sourceTree = "<group>"; };
		777B2F6B25E14FD500D16630 /* SceneDelegate.h */ = {isa = PBXFileReference; lastKnownFileType = sourcecode.c.h; path = SceneDelegate.h; sourceTree = "<group>"; };
		777B2F6C25E14FD500D16630 /* SceneDelegate.m */ = {isa = PBXFileReference; lastKnownFileType = sourcecode.c.objc; path = SceneDelegate.m; sourceTree = "<group>"; };
		777B2F6E25E14FD500D16630 /* ViewController.h */ = {isa = PBXFileReference; lastKnownFileType = sourcecode.c.h; path = ViewController.h; sourceTree = "<group>"; };
		777B2F6F25E14FD500D16630 /* ViewController.m */ = {isa = PBXFileReference; lastKnownFileType = sourcecode.c.objc; path = ViewController.m; sourceTree = "<group>"; };
		777B2F7225E14FD500D16630 /* Base */ = {isa = PBXFileReference; lastKnownFileType = file.storyboard; name = Base; path = Base.lproj/Main.storyboard; sourceTree = "<group>"; };
		777B2F7425E14FD800D16630 /* Assets.xcassets */ = {isa = PBXFileReference; lastKnownFileType = folder.assetcatalog; path = Assets.xcassets; sourceTree = "<group>"; };
		777B2F7725E14FD800D16630 /* Base */ = {isa = PBXFileReference; lastKnownFileType = file.storyboard; name = Base; path = Base.lproj/LaunchScreen.storyboard; sourceTree = "<group>"; };
		777B2F7925E14FD800D16630 /* Info.plist */ = {isa = PBXFileReference; lastKnownFileType = text.plist.xml; path = Info.plist; sourceTree = "<group>"; };
		777B2F7A25E14FD800D16630 /* main.m */ = {isa = PBXFileReference; lastKnownFileType = sourcecode.c.objc; path = main.m; sourceTree = "<group>"; };
		777B2F8225E1528300D16630 /* LJView.h */ = {isa = PBXFileReference; lastKnownFileType = sourcecode.c.h; path = LJView.h; sourceTree = "<group>"; };
		777B2F8325E1528300D16630 /* LJView.m */ = {isa = PBXFileReference; lastKnownFileType = sourcecode.c.objc; path = LJView.m; sourceTree = "<group>"; };
/* End PBXFileReference section */

/* Begin PBXFrameworksBuildPhase section */
		777B2F6225E14FD500D16630 /* Frameworks */ = {
			isa = PBXFrameworksBuildPhase;
			buildActionMask = 2147483647;
			files = (
			);
			runOnlyForDeploymentPostprocessing = 0;
		};
/* End PBXFrameworksBuildPhase section */

/* Begin PBXGroup section */
		777B2F5C25E14FD500D16630 = {
			isa = PBXGroup;
			children = (
				777B2F6725E14FD500D16630 /* 27-手势解锁 */,
				777B2F6625E14FD500D16630 /* Products */,
			);
			sourceTree = "<group>";
		};
		777B2F6625E14FD500D16630 /* Products */ = {
			isa = PBXGroup;
			children = (
				777B2F6525E14FD500D16630 /* 27-手势解锁.app */,
			);
			name = Products;
			sourceTree = "<group>";
		};
		777B2F6725E14FD500D16630 /* 27-手势解锁 */ = {
			isa = PBXGroup;
			children = (
				777B2F6825E14FD500D16630 /* AppDelegate.h */,
				777B2F6925E14FD500D16630 /* AppDelegate.m */,
				777B2F6B25E14FD500D16630 /* SceneDelegate.h */,
				777B2F6C25E14FD500D16630 /* SceneDelegate.m */,
				777B2F6E25E14FD500D16630 /* ViewController.h */,
				777B2F6F25E14FD500D16630 /* ViewController.m */,
				777B2F7125E14FD500D16630 /* Main.storyboard */,
				777B2F7425E14FD800D16630 /* Assets.xcassets */,
				777B2F7625E14FD800D16630 /* LaunchScreen.storyboard */,
				777B2F7925E14FD800D16630 /* Info.plist */,
				777B2F7A25E14FD800D16630 /* main.m */,
				777B2F8225E1528300D16630 /* LJView.h */,
				777B2F8325E1528300D16630 /* LJView.m */,
			);
			path = "27-手势解锁";
			sourceTree = "<group>";
		};
/* End PBXGroup section */

/* Begin PBXNativeTarget section */
		777B2F6425E14FD500D16630 /* 27-手势解锁 */ = {
			isa = PBXNativeTarget;
			buildConfigurationList = 777B2F7E25E14FD800D16630 /* Build configuration list for PBXNativeTarget "27-手势解锁" */;
			buildPhases = (
				777B2F6125E14FD500D16630 /* Sources */,
				777B2F6225E14FD500D16630 /* Frameworks */,
				777B2F6325E14FD500D16630 /* Resources */,
			);
			buildRules = (
			);
			dependencies = (
			);
			name = "27-手势解锁";
			productName = "27-手势解锁";
			productReference = 777B2F6525E14FD500D16630 /* 27-手势解锁.app */;
			productType = "com.apple.product-type.application";
		};
/* End PBXNativeTarget section */

/* Begin PBXProject section */
		777B2F5D25E14FD500D16630 /* Project object */ = {
			isa = PBXProject;
			attributes = {
				LastUpgradeCheck = 1230;
				TargetAttributes = {
					777B2F6425E14FD500D16630 = {
						CreatedOnToolsVersion = 12.3;
					};
				};
			};
			buildConfigurationList = 777B2F6025E14FD500D16630 /* Build configuration list for PBXProject "27-手势解锁" */;
			compatibilityVersion = "Xcode 9.3";
			developmentRegion = en;
			hasScannedForEncodings = 0;
			knownRegions = (
				en,
				Base,
			);
			mainGroup = 777B2F5C25E14FD500D16630;
			productRefGroup = 777B2F6625E14FD500D16630 /* Products */;
			projectDirPath = "";
			projectRoot = "";
			targets = (
				777B2F6425E14FD500D16630 /* 27-手势解锁 */,
			);
		};
/* End PBXProject section */

/* Begin PBXResourcesBuildPhase section */
		777B2F6325E14FD500D16630 /* Resources */ = {
			isa = PBXResourcesBuildPhase;
			buildActionMask = 2147483647;
			files = (
				777B2F7825E14FD800D16630 /* LaunchScreen.storyboard in Resources */,
				777B2F7525E14FD800D16630 /* Assets.xcassets in Resources */,
				777B2F7325E14FD500D16630 /* Main.storyboard in Resources */,
			);
			runOnlyForDeploymentPostprocessing = 0;
		};
/* End PBXResourcesBuildPhase section */

/* Begin PBXSourcesBuildPhase section */
		777B2F6125E14FD500D16630 /* Sources */ = {
			isa = PBXSourcesBuildPhase;
			buildActionMask = 2147483647;
			files = (
				777B2F7025E14FD500D16630 /* ViewController.m in Sources */,
				777B2F6A25E14FD500D16630 /* AppDelegate.m in Sources */,
				777B2F7B25E14FD800D16630 /* main.m in Sources */,
				777B2F6D25E14FD500D16630 /* SceneDelegate.m in Sources */,
				777B2F8425E1528300D16630 /* LJView.m in Sources */,
			);
			runOnlyForDeploymentPostprocessing = 0;
		};
/* End PBXSourcesBuildPhase section */

/* Begin PBXVariantGroup section */
		777B2F7125E14FD500D16630 /* Main.storyboard */ = {
			isa = PBXVariantGroup;
			children = (
				777B2F7225E14FD500D16630 /* Base */,
			);
			name = Main.storyboard;
			sourceTree = "<group>";
		};
		777B2F7625E14FD800D16630 /* LaunchScreen.storyboard */ = {
			isa = PBXVariantGroup;
			children = (
				777B2F7725E14FD800D16630 /* Base */,
			);
			name = LaunchScreen.storyboard;
			sourceTree = "<group>";
		};
/* End PBXVariantGroup section */

/* Begin XCBuildConfiguration section */
		777B2F7C25E14FD800D16630 /* Debug */ = {
			isa = XCBuildConfiguration;
			buildSettings = {
				ALWAYS_SEARCH_USER_PATHS = NO;
				CLANG_ANALYZER_NONNULL = YES;
				CLANG_ANALYZER_NUMBER_OBJECT_CONVERSION = YES_AGGRESSIVE;
				CLANG_CXX_LANGUAGE_STANDARD = "gnu++14";
				CLANG_CXX_LIBRARY = "libc++";
				CLANG_ENABLE_MODULES = YES;
				CLANG_ENABLE_OBJC_ARC = YES;
				CLANG_ENABLE_OBJC_WEAK = YES;
				CLANG_WARN_BLOCK_CAPTURE_AUTORELEASING = YES;
				CLANG_WARN_BOOL_CONVERSION = YES;
				CLANG_WARN_COMMA = YES;
				CLANG_WARN_CONSTANT_CONVERSION = YES;
				CLANG_WARN_DEPRECATED_OBJC_IMPLEMENTATIONS = YES;
				CLANG_WARN_DIRECT_OBJC_ISA_USAGE = YES_ERROR;
				CLANG_WARN_DOCUMENTATION_COMMENTS = YES;
				CLANG_WARN_EMPTY_BODY = YES;
				CLANG_WARN_ENUM_CONVERSION = YES;
				CLANG_WARN_INFINITE_RECURSION = YES;
				CLANG_WARN_INT_CONVERSION = YES;
				CLANG_WARN_NON_LITERAL_NULL_CONVERSION = YES;
				CLANG_WARN_OBJC_IMPLICIT_RETAIN_SELF = YES;
				CLANG_WARN_OBJC_LITERAL_CONVERSION = YES;
				CLANG_WARN_OBJC_ROOT_CLASS = YES_ERROR;
				CLANG_WARN_QUOTED_INCLUDE_IN_FRAMEWORK_HEADER = YES;
				CLANG_WARN_RANGE_LOOP_ANALYSIS = YES;
				CLANG_WARN_STRICT_PROTOTYPES = YES;
				CLANG_WARN_SUSPICIOUS_MOVE = YES;
				CLANG_WARN_UNGUARDED_AVAILABILITY = YES_AGGRESSIVE;
				CLANG_WARN_UNREACHABLE_CODE = YES;
				CLANG_WARN__DUPLICATE_METHOD_MATCH = YES;
				COPY_PHASE_STRIP = NO;
				DEBUG_INFORMATION_FORMAT = dwarf;
				ENABLE_STRICT_OBJC_MSGSEND = YES;
				ENABLE_TESTABILITY = YES;
				GCC_C_LANGUAGE_STANDARD = gnu11;
				GCC_DYNAMIC_NO_PIC = NO;
				GCC_NO_COMMON_BLOCKS = YES;
				GCC_OPTIMIZATION_LEVEL = 0;
				GCC_PREPROCESSOR_DEFINITIONS = (
					"DEBUG=1",
					"$(inherited)",
				);
				GCC_WARN_64_TO_32_BIT_CONVERSION = YES;
				GCC_WARN_ABOUT_RETURN_TYPE = YES_ERROR;
				GCC_WARN_UNDECLARED_SELECTOR = YES;
				GCC_WARN_UNINITIALIZED_AUTOS = YES_AGGRESSIVE;
				GCC_WARN_UNUSED_FUNCTION = YES;
				GCC_WARN_UNUSED_VARIABLE = YES;
				IPHONEOS_DEPLOYMENT_TARGET = 14.3;
				MTL_ENABLE_DEBUG_INFO = INCLUDE_SOURCE;
				MTL_FAST_MATH = YES;
				ONLY_ACTIVE_ARCH = YES;
				SDKROOT = iphoneos;
			};
			name = Debug;
		};
		777B2F7D25E14FD800D16630 /* Release */ = {
			isa = XCBuildConfiguration;
			buildSettings = {
				ALWAYS_SEARCH_USER_PATHS = NO;
				CLANG_ANALYZER_NONNULL = YES;
				CLANG_ANALYZER_NUMBER_OBJECT_CONVERSION = YES_AGGRESSIVE;
				CLANG_CXX_LANGUAGE_STANDARD = "gnu++14";
				CLANG_CXX_LIBRARY = "libc++";
				CLANG_ENABLE_MODULES = YES;
				CLANG_ENABLE_OBJC_ARC = YES;
				CLANG_ENABLE_OBJC_WEAK = YES;
				CLANG_WARN_BLOCK_CAPTURE_AUTORELEASING = YES;
				CLANG_WARN_BOOL_CONVERSION = YES;
				CLANG_WARN_COMMA = YES;
				CLANG_WARN_CONSTANT_CONVERSION = YES;
				CLANG_WARN_DEPRECATED_OBJC_IMPLEMENTATIONS = YES;
				CLANG_WARN_DIRECT_OBJC_ISA_USAGE = YES_ERROR;
				CLANG_WARN_DOCUMENTATION_COMMENTS = YES;
				CLANG_WARN_EMPTY_BODY = YES;
				CLANG_WARN_ENUM_CONVERSION = YES;
				CLANG_WARN_INFINITE_RECURSION = YES;
				CLANG_WARN_INT_CONVERSION = YES;
				CLANG_WARN_NON_LITERAL_NULL_CONVERSION = YES;
				CLANG_WARN_OBJC_IMPLICIT_RETAIN_SELF = YES;
				CLANG_WARN_OBJC_LITERAL_CONVERSION = YES;
				CLANG_WARN_OBJC_ROOT_CLASS = YES_ERROR;
				CLANG_WARN_QUOTED_INCLUDE_IN_FRAMEWORK_HEADER = YES;
				CLANG_WARN_RANGE_LOOP_ANALYSIS = YES;
				CLANG_WARN_STRICT_PROTOTYPES = YES;
				CLANG_WARN_SUSPICIOUS_MOVE = YES;
				CLANG_WARN_UNGUARDED_AVAILABILITY = YES_AGGRESSIVE;
				CLANG_WARN_UNREACHABLE_CODE = YES;
				CLANG_WARN__DUPLICATE_METHOD_MATCH = YES;
				COPY_PHASE_STRIP = NO;
				DEBUG_INFORMATION_FORMAT = "dwarf-with-dsym";
				ENABLE_NS_ASSERTIONS = NO;
				ENABLE_STRICT_OBJC_MSGSEND = YES;
				GCC_C_LANGUAGE_STANDARD = gnu11;
				GCC_NO_COMMON_BLOCKS = YES;
				GCC_WARN_64_TO_32_BIT_CONVERSION = YES;
				GCC_WARN_ABOUT_RETURN_TYPE = YES_ERROR;
				GCC_WARN_UNDECLARED_SELECTOR = YES;
				GCC_WARN_UNINITIALIZED_AUTOS = YES_AGGRESSIVE;
				GCC_WARN_UNUSED_FUNCTION = YES;
				GCC_WARN_UNUSED_VARIABLE = YES;
				IPHONEOS_DEPLOYMENT_TARGET = 14.3;
				MTL_ENABLE_DEBUG_INFO = NO;
				MTL_FAST_MATH = YES;
				SDKROOT = iphoneos;
				VALIDATE_PRODUCT = YES;
			};
			name = Release;
		};
		777B2F7F25E14FD800D16630 /* Debug */ = {
			isa = XCBuildConfiguration;
			buildSettings = {
				ASSETCATALOG_COMPILER_APPICON_NAME = AppIcon;
				ASSETCATALOG_COMPILER_GLOBAL_ACCENT_COLOR_NAME = AccentColor;
				CODE_SIGN_STYLE = Automatic;
				DEVELOPMENT_TEAM = P4U26VA9GD;
				INFOPLIST_FILE = "27-手势解锁/Info.plist";
				LD_RUNPATH_SEARCH_PATHS = (
					"$(inherited)",
					"@executable_path/Frameworks",
				);
				PRODUCT_BUNDLE_IDENTIFIER = "com.Day.-7-----";
				PRODUCT_NAME = "$(TARGET_NAME)";
				TARGETED_DEVICE_FAMILY = "1,2";
			};
			name = Debug;
		};
		777B2F8025E14FD800D16630 /* Release */ = {
			isa = XCBuildConfiguration;
			buildSettings = {
				ASSETCATALOG_COMPILER_APPICON_NAME = AppIcon;
				ASSETCATALOG_COMPILER_GLOBAL_ACCENT_COLOR_NAME = AccentColor;
				CODE_SIGN_STYLE = Automatic;
				DEVELOPMENT_TEAM = P4U26VA9GD;
				INFOPLIST_FILE = "27-手势解锁/Info.plist";
				LD_RUNPATH_SEARCH_PATHS = (
					"$(inherited)",
					"@executable_path/Frameworks",
				);
				PRODUCT_BUNDLE_IDENTIFIER = "com.Day.-7-----";
				PRODUCT_NAME = "$(TARGET_NAME)";
				TARGETED_DEVICE_FAMILY = "1,2";
			};
			name = Release;
		};
/* End XCBuildConfiguration section */

/* Begin XCConfigurationList section */
		777B2F6025E14FD500D16630 /* Build configuration list for PBXProject "27-手势解锁" */ = {
			isa = XCConfigurationList;
			buildConfigurations = (
				777B2F7C25E14FD800D16630 /* Debug */,
				777B2F7D25E14FD800D16630 /* Release */,
			);
			defaultConfigurationIsVisible = 0;
			defaultConfigurationName = Release;
		};
		777B2F7E25E14FD800D16630 /* Build configuration list for PBXNativeTarget "27-手势解锁" */ = {
			isa = XCConfigurationList;
			buildConfigurations = (
				777B2F7F25E14FD800D16630 /* Debug */,
				777B2F8025E14FD800D16630 /* Release */,
			);
			defaultConfigurationIsVisible = 0;
			defaultConfigurationName = Release;
		};
/* End XCConfigurationList section */
	};
	rootObject = 777B2F5D25E14FD500D16630 /* Project object */;
}
